
Microsoft Visual Studio Solution File, Format Version 12.00
# Visual Studio Version 17
VisualStudioVersion = 17.13.35931.197 d17.13
MinimumVisualStudioVersion = 10.0.40219.1
Project("{8BC9CEB8-8B4A-11D0-8D11-00A0C91BC942}") = "PrimeFactor", "PrimeFactor\PrimeFactor.vcxproj", "{74E1836D-35C7-43E7-BA15-1630A49F9225}"
EndProject
Global
	GlobalSection(SolutionConfigurationPlatforms) = preSolution
		Debug|x64 = Debug|x64
		Debug|x86 = Debug|x86
		Release|x64 = Release|x64
		Release|x86 = Release|x86
	EndGlobalSection
	GlobalSection(ProjectConfigurationPlatforms) = postSolution
		{74E1836D-35C7-43E7-BA15-1630A49F9225}.Debug|x64.ActiveCfg = Debug|x64
		{74E1836D-35C7-43E7-BA15-1630A49F9225}.Debug|x64.Build.0 = Debug|x64
		{74E1836D-35C7-43E7-BA15-1630A49F9225}.Debug|x86.ActiveCfg = Debug|Win32
		{74E1836D-35C7-43E7-BA15-1630A49F9225}.Debug|x86.Build.0 = Debug|Win32
		{74E1836D-35C7-43E7-BA15-1630A49F9225}.Release|x64.ActiveCfg = Release|x64
		{74E1836D-35C7-43E7-BA15-1630A49F9225}.Release|x64.Build.0 = Release|x64
		{74E1836D-35C7-43E7-BA15-1630A49F9225}.Release|x86.ActiveCfg = Release|Win32
		{74E1836D-35C7-43E7-BA15-1630A49F9225}.Release|x86.Build.0 = Release|Win32
	EndGlobalSection
	GlobalSection(SolutionProperties) = preSolution
		HideSolutionNode = FALSE
	EndGlobalSection
	GlobalSection(ExtensibilityGlobals) = postSolution
		SolutionGuid = {658A7C26-6300-4746-821D-CFB8225903D1}
	EndGlobalSection
EndGlobal
